// !$*UTF8*$!
{
	archiveVersion = 1;
	classes = {
	};
	objectVersion = 77;
	objects = {

/* Begin PBXBuildFile section */
		357678B2BE8147F16F5FA554 /* Pods_PokemonTes.framework in Frameworks */ = {isa = PBXBuildFile; fileRef = 6F9BF91301E9B3DDE0D358CC /* Pods_PokemonTes.framework */; };
		5227E18724604C7ACCF3668D /* Pods_PokemonTes_PokemonTesUITests.framework in Frameworks */ = {isa = PBXBuildFile; fileRef = 4003B350CB5AE3DA8A35169E /* Pods_PokemonTes_PokemonTesUITests.framework */; };
		603774454F81322359B41EE5 /* Pods_PokemonTesTests.framework in Frameworks */ = {isa = PBXBuildFile; fileRef = 70C96BB7B44AE123E6CBF7EE /* Pods_PokemonTesTests.framework */; };
/* End PBXBuildFile section */

/* Begin PBXContainerItemProxy section */
		361639C12E221036007B49F3 /* PBXContainerItemProxy */ = {
			isa = PBXContainerItemProxy;
			containerPortal = 361639A22E221034007B49F3 /* Project object */;
			proxyType = 1;
			remoteGlobalIDString = 361639A92E221034007B49F3;
			remoteInfo = PokemonTes;
		};
		361639CB2E221036007B49F3 /* PBXContainerItemProxy */ = {
			isa = PBXContainerItemProxy;
			containerPortal = 361639A22E221034007B49F3 /* Project object */;
			proxyType = 1;
			remoteGlobalIDString = 361639A92E221034007B49F3;
			remoteInfo = PokemonTes;
		};
/* End PBXContainerItemProxy section */

/* Begin PBXFileReference section */
		06FD259576658C08F11095F6 /* Pods-PokemonTes-PokemonTesUITests.release.xcconfig */ = {isa = PBXFileReference; includeInIndex = 1; lastKnownFileType = text.xcconfig; name = "Pods-PokemonTes-PokemonTesUITests.release.xcconfig"; path = "Target Support Files/Pods-PokemonTes-PokemonTesUITests/Pods-PokemonTes-PokemonTesUITests.release.xcconfig"; sourceTree = "<group>"; };
		361639AA2E221034007B49F3 /* PokemonTes.app */ = {isa = PBXFileReference; explicitFileType = wrapper.application; includeInIndex = 0; path = PokemonTes.app; sourceTree = BUILT_PRODUCTS_DIR; };
		361639C02E221036007B49F3 /* PokemonTesTests.xctest */ = {isa = PBXFileReference; explicitFileType = wrapper.cfbundle; includeInIndex = 0; path = PokemonTesTests.xctest; sourceTree = BUILT_PRODUCTS_DIR; };
		361639CA2E221036007B49F3 /* PokemonTesUITests.xctest */ = {isa = PBXFileReference; explicitFileType = wrapper.cfbundle; includeInIndex = 0; path = PokemonTesUITests.xctest; sourceTree = BUILT_PRODUCTS_DIR; };
		4003B350CB5AE3DA8A35169E /* Pods_PokemonTes_PokemonTesUITests.framework */ = {isa = PBXFileReference; explicitFileType = wrapper.framework; includeInIndex = 0; path = Pods_PokemonTes_PokemonTesUITests.framework; sourceTree = BUILT_PRODUCTS_DIR; };
		6F9BF91301E9B3DDE0D358CC /* Pods_PokemonTes.framework */ = {isa = PBXFileReference; explicitFileType = wrapper.framework; includeInIndex = 0; path = Pods_PokemonTes.framework; sourceTree = BUILT_PRODUCTS_DIR; };
		70C96BB7B44AE123E6CBF7EE /* Pods_PokemonTesTests.framework */ = {isa = PBXFileReference; explicitFileType = wrapper.framework; includeInIndex = 0; path = Pods_PokemonTesTests.framework; sourceTree = BUILT_PRODUCTS_DIR; };
		CA5B3B43CF66CE7A492384EA /* Pods-PokemonTesTests.release.xcconfig */ = {isa = PBXFileReference; includeInIndex = 1; lastKnownFileType = text.xcconfig; name = "Pods-PokemonTesTests.release.xcconfig"; path = "Target Support Files/Pods-PokemonTesTests/Pods-PokemonTesTests.release.xcconfig"; sourceTree = "<group>"; };
		CB4EF12288DBEAA5AAFECD23 /* Pods-PokemonTes-PokemonTesUITests.debug.xcconfig */ = {isa = PBXFileReference; includeInIndex = 1; lastKnownFileType = text.xcconfig; name = "Pods-PokemonTes-PokemonTesUITests.debug.xcconfig"; path = "Target Support Files/Pods-PokemonTes-PokemonTesUITests/Pods-PokemonTes-PokemonTesUITests.debug.xcconfig"; sourceTree = "<group>"; };
		E000EDE9346286DBFE0835BE /* Pods-PokemonTes.release.xcconfig */ = {isa = PBXFileReference; includeInIndex = 1; lastKnownFileType = text.xcconfig; name = "Pods-PokemonTes.release.xcconfig"; path = "Target Support Files/Pods-PokemonTes/Pods-PokemonTes.release.xcconfig"; sourceTree = "<group>"; };
		E66A34C58242050289A582FA /* Pods-PokemonTesTests.debug.xcconfig */ = {isa = PBXFileReference; includeInIndex = 1; lastKnownFileType = text.xcconfig; name = "Pods-PokemonTesTests.debug.xcconfig"; path = "Target Support Files/Pods-PokemonTesTests/Pods-PokemonTesTests.debug.xcconfig"; sourceTree = "<group>"; };
		EB6B470842B9D5F62975529A /* Pods-PokemonTes.debug.xcconfig */ = {isa = PBXFileReference; includeInIndex = 1; lastKnownFileType = text.xcconfig; name = "Pods-PokemonTes.debug.xcconfig"; path = "Target Support Files/Pods-PokemonTes/Pods-PokemonTes.debug.xcconfig"; sourceTree = "<group>"; };
/* End PBXFileReference section */

/* Begin PBXFileSystemSynchronizedBuildFileExceptionSet section */
		361639D22E221036007B49F3 /* Exceptions for "PokemonTes" folder in "PokemonTes" target */ = {
			isa = PBXFileSystemSynchronizedBuildFileExceptionSet;
			membershipExceptions = (
				Resources/Info.plist,
			);
			target = 361639A92E221034007B49F3 /* PokemonTes */;
		};
/* End PBXFileSystemSynchronizedBuildFileExceptionSet section */

/* Begin PBXFileSystemSynchronizedRootGroup section */
		361639AC2E221034007B49F3 /* PokemonTes */ = {
			isa = PBXFileSystemSynchronizedRootGroup;
			exceptions = (
				361639D22E221036007B49F3 /* Exceptions for "PokemonTes" folder in "PokemonTes" target */,
			);
			path = PokemonTes;
			sourceTree = "<group>";
		};
		361639C32E221036007B49F3 /* PokemonTesTests */ = {
			isa = PBXFileSystemSynchronizedRootGroup;
			path = PokemonTesTests;
			sourceTree = "<group>";
		};
		361639CD2E221036007B49F3 /* PokemonTesUITests */ = {
			isa = PBXFileSystemSynchronizedRootGroup;
			path = PokemonTesUITests;
			sourceTree = "<group>";
		};
/* End PBXFileSystemSynchronizedRootGroup section */

/* Begin PBXFrameworksBuildPhase section */
		361639A72E221034007B49F3 /* Frameworks */ = {
			isa = PBXFrameworksBuildPhase;
			buildActionMask = 2147483647;
			files = (
				357678B2BE8147F16F5FA554 /* Pods_PokemonTes.framework in Frameworks */,
			);
			runOnlyForDeploymentPostprocessing = 0;
		};
		361639BD2E221036007B49F3 /* Frameworks */ = {
			isa = PBXFrameworksBuildPhase;
			buildActionMask = 2147483647;
			files = (
				603774454F81322359B41EE5 /* Pods_PokemonTesTests.framework in Frameworks */,
			);
			runOnlyForDeploymentPostprocessing = 0;
		};
		361639C72E221036007B49F3 /* Frameworks */ = {
			isa = PBXFrameworksBuildPhase;
			buildActionMask = 2147483647;
			files = (
				5227E18724604C7ACCF3668D /* Pods_PokemonTes_PokemonTesUITests.framework in Frameworks */,
			);
			runOnlyForDeploymentPostprocessing = 0;
		};
/* End PBXFrameworksBuildPhase section */

/* Begin PBXGroup section */
		20F7ACC383C9DBCB9C20EAD1 /* Pods */ = {
			isa = PBXGroup;
			children = (
				EB6B470842B9D5F62975529A /* Pods-PokemonTes.debug.xcconfig */,
				E000EDE9346286DBFE0835BE /* Pods-PokemonTes.release.xcconfig */,
				CB4EF12288DBEAA5AAFECD23 /* Pods-PokemonTes-PokemonTesUITests.debug.xcconfig */,
				06FD259576658C08F11095F6 /* Pods-PokemonTes-PokemonTesUITests.release.xcconfig */,
				E66A34C58242050289A582FA /* Pods-PokemonTesTests.debug.xcconfig */,
				CA5B3B43CF66CE7A492384EA /* Pods-PokemonTesTests.release.xcconfig */,
			);
			path = Pods;
			sourceTree = "<group>";
		};
		361639A12E221034007B49F3 = {
			isa = PBXGroup;
			children = (
				361639AC2E221034007B49F3 /* PokemonTes */,
				361639C32E221036007B49F3 /* PokemonTesTests */,
				361639CD2E221036007B49F3 /* PokemonTesUITests */,
				361639AB2E221034007B49F3 /* Products */,
				20F7ACC383C9DBCB9C20EAD1 /* Pods */,
				B1826D53DE7F82705A026E5B /* Frameworks */,
			);
			sourceTree = "<group>";
		};
		361639AB2E221034007B49F3 /* Products */ = {
			isa = PBXGroup;
			children = (
				361639AA2E221034007B49F3 /* PokemonTes.app */,
				361639C02E221036007B49F3 /* PokemonTesTests.xctest */,
				361639CA2E221036007B49F3 /* PokemonTesUITests.xctest */,
			);
			name = Products;
			sourceTree = "<group>";
		};
		B1826D53DE7F82705A026E5B /* Frameworks */ = {
			isa = PBXGroup;
			children = (
				6F9BF91301E9B3DDE0D358CC /* Pods_PokemonTes.framework */,
				4003B350CB5AE3DA8A35169E /* Pods_PokemonTes_PokemonTesUITests.framework */,
				70C96BB7B44AE123E6CBF7EE /* Pods_PokemonTesTests.framework */,
			);
			name = Frameworks;
			sourceTree = "<group>";
		};
/* End PBXGroup section */

/* Begin PBXNativeTarget section */
		361639A92E221034007B49F3 /* PokemonTes */ = {
			isa = PBXNativeTarget;
			buildConfigurationList = 361639D32E221036007B49F3 /* Build configuration list for PBXNativeTarget "PokemonTes" */;
			buildPhases = (
				71157E242E77EC5D6D621A8F /* [CP] Check Pods Manifest.lock */,
				361639A62E221034007B49F3 /* Sources */,
				361639A72E221034007B49F3 /* Frameworks */,
				361639A82E221034007B49F3 /* Resources */,
				D2D6B65E43A35D8927C650EC /* [CP] Embed Pods Frameworks */,
			);
			buildRules = (
			);
			dependencies = (
			);
			fileSystemSynchronizedGroups = (
				361639AC2E221034007B49F3 /* PokemonTes */,
			);
			name = PokemonTes;
			productName = PokemonTes;
			productReference = 361639AA2E221034007B49F3 /* PokemonTes.app */;
			productType = "com.apple.product-type.application";
		};
		361639BF2E221036007B49F3 /* PokemonTesTests */ = {
			isa = PBXNativeTarget;
			buildConfigurationList = 361639D82E221036007B49F3 /* Build configuration list for PBXNativeTarget "PokemonTesTests" */;
			buildPhases = (
				EBEF6D7E11696E6AC3508440 /* [CP] Check Pods Manifest.lock */,
				361639BC2E221036007B49F3 /* Sources */,
				361639BD2E221036007B49F3 /* Frameworks */,
				361639BE2E221036007B49F3 /* Resources */,
			);
			buildRules = (
			);
			dependencies = (
				361639C22E221036007B49F3 /* PBXTargetDependency */,
			);
			fileSystemSynchronizedGroups = (
				361639C32E221036007B49F3 /* PokemonTesTests */,
			);
			name = PokemonTesTests;
			productName = PokemonTesTests;
			productReference = 361639C02E221036007B49F3 /* PokemonTesTests.xctest */;
			productType = "com.apple.product-type.bundle.unit-test";
		};
		361639C92E221036007B49F3 /* PokemonTesUITests */ = {
			isa = PBXNativeTarget;
			buildConfigurationList = 361639DB2E221036007B49F3 /* Build configuration list for PBXNativeTarget "PokemonTesUITests" */;
			buildPhases = (
				0BA5E1A5495A2D3E73A09D76 /* [CP] Check Pods Manifest.lock */,
				361639C62E221036007B49F3 /* Sources */,
				361639C72E221036007B49F3 /* Frameworks */,
				361639C82E221036007B49F3 /* Resources */,
				970CCDB57418C124EA667E32 /* [CP] Embed Pods Frameworks */,
			);
			buildRules = (
			);
			dependencies = (
				361639CC2E221036007B49F3 /* PBXTargetDependency */,
			);
			fileSystemSynchronizedGroups = (
				361639CD2E221036007B49F3 /* PokemonTesUITests */,
			);
			name = PokemonTesUITests;
			productName = PokemonTesUITests;
			productReference = 361639CA2E221036007B49F3 /* PokemonTesUITests.xctest */;
			productType = "com.apple.product-type.bundle.ui-testing";
		};
/* End PBXNativeTarget section */

/* Begin PBXProject section */
		361639A22E221034007B49F3 /* Project object */ = {
			isa = PBXProject;
			attributes = {
				BuildIndependentTargetsInParallel = 1;
				LastSwiftUpdateCheck = 1620;
				LastUpgradeCheck = 1620;
				TargetAttributes = {
					361639A92E221034007B49F3 = {
						CreatedOnToolsVersion = 16.2;
					};
					361639BF2E221036007B49F3 = {
						CreatedOnToolsVersion = 16.2;
						TestTargetID = 361639A92E221034007B49F3;
					};
					361639C92E221036007B49F3 = {
						CreatedOnToolsVersion = 16.2;
						TestTargetID = 361639A92E221034007B49F3;
					};
				};
			};
			buildConfigurationList = 361639A52E221034007B49F3 /* Build configuration list for PBXProject "PokemonTes" */;
			developmentRegion = en;
			hasScannedForEncodings = 0;
			knownRegions = (
				en,
				Base,
			);
			mainGroup = 361639A12E221034007B49F3;
			minimizedProjectReferenceProxies = 1;
			preferredProjectObjectVersion = 77;
			productRefGroup = 361639AB2E221034007B49F3 /* Products */;
			projectDirPath = "";
			projectRoot = "";
			targets = (
				361639A92E221034007B49F3 /* PokemonTes */,
				361639BF2E221036007B49F3 /* PokemonTesTests */,
				361639C92E221036007B49F3 /* PokemonTesUITests */,
			);
		};
/* End PBXProject section */

/* Begin PBXResourcesBuildPhase section */
		361639A82E221034007B49F3 /* Resources */ = {
			isa = PBXResourcesBuildPhase;
			buildActionMask = 2147483647;
			files = (
			);
			runOnlyForDeploymentPostprocessing = 0;
		};
		361639BE2E221036007B49F3 /* Resources */ = {
			isa = PBXResourcesBuildPhase;
			buildActionMask = 2147483647;
			files = (
			);
			runOnlyForDeploymentPostprocessing = 0;
		};
		361639C82E221036007B49F3 /* Resources */ = {
			isa = PBXResourcesBuildPhase;
			buildActionMask = 2147483647;
			files = (
			);
			runOnlyForDeploymentPostprocessing = 0;
		};
/* End PBXResourcesBuildPhase section */

/* Begin PBXShellScriptBuildPhase section */
		0BA5E1A5495A2D3E73A09D76 /* [CP] Check Pods Manifest.lock */ = {
			isa = PBXShellScriptBuildPhase;
			buildActionMask = 2147483647;
			files = (
			);
			inputFileListPaths = (
			);
			inputPaths = (
				"${PODS_PODFILE_DIR_PATH}/Podfile.lock",
				"${PODS_ROOT}/Manifest.lock",
			);
			name = "[CP] Check Pods Manifest.lock";
			outputFileListPaths = (
			);
			outputPaths = (
				"$(DERIVED_FILE_DIR)/Pods-PokemonTes-PokemonTesUITests-checkManifestLockResult.txt",
			);
			runOnlyForDeploymentPostprocessing = 0;
			shellPath = /bin/sh;
			shellScript = "diff \"${PODS_PODFILE_DIR_PATH}/Podfile.lock\" \"${PODS_ROOT}/Manifest.lock\" > /dev/null\nif [ $? != 0 ] ; then\n    # print error to STDERR\n    echo \"error: The sandbox is not in sync with the Podfile.lock. Run 'pod install' or update your CocoaPods installation.\" >&2\n    exit 1\nfi\n# This output is used by Xcode 'outputs' to avoid re-running this script phase.\necho \"SUCCESS\" > \"${SCRIPT_OUTPUT_FILE_0}\"\n";
			showEnvVarsInLog = 0;
		};
		71157E242E77EC5D6D621A8F /* [CP] Check Pods Manifest.lock */ = {
			isa = PBXShellScriptBuildPhase;
			buildActionMask = 2147483647;
			files = (
			);
			inputFileListPaths = (
			);
			inputPaths = (
				"${PODS_PODFILE_DIR_PATH}/Podfile.lock",
				"${PODS_ROOT}/Manifest.lock",
			);
			name = "[CP] Check Pods Manifest.lock";
			outputFileListPaths = (
			);
			outputPaths = (
				"$(DERIVED_FILE_DIR)/Pods-PokemonTes-checkManifestLockResult.txt",
			);
			runOnlyForDeploymentPostprocessing = 0;
			shellPath = /bin/sh;
			shellScript = "diff \"${PODS_PODFILE_DIR_PATH}/Podfile.lock\" \"${PODS_ROOT}/Manifest.lock\" > /dev/null\nif [ $? != 0 ] ; then\n    # print error to STDERR\n    echo \"error: The sandbox is not in sync with the Podfile.lock. Run 'pod install' or update your CocoaPods installation.\" >&2\n    exit 1\nfi\n# This output is used by Xcode 'outputs' to avoid re-running this script phase.\necho \"SUCCESS\" > \"${SCRIPT_OUTPUT_FILE_0}\"\n";
			showEnvVarsInLog = 0;
		};
		970CCDB57418C124EA667E32 /* [CP] Embed Pods Frameworks */ = {
			isa = PBXShellScriptBuildPhase;
			buildActionMask = 2147483647;
			files = (
			);
			inputFileListPaths = (
				"${PODS_ROOT}/Target Support Files/Pods-PokemonTes-PokemonTesUITests/Pods-PokemonTes-PokemonTesUITests-frameworks-${CONFIGURATION}-input-files.xcfilelist",
			);
			name = "[CP] Embed Pods Frameworks";
			outputFileListPaths = (
				"${PODS_ROOT}/Target Support Files/Pods-PokemonTes-PokemonTesUITests/Pods-PokemonTes-PokemonTesUITests-frameworks-${CONFIGURATION}-output-files.xcfilelist",
			);
			runOnlyForDeploymentPostprocessing = 0;
			shellPath = /bin/sh;
			shellScript = "\"${PODS_ROOT}/Target Support Files/Pods-PokemonTes-PokemonTesUITests/Pods-PokemonTes-PokemonTesUITests-frameworks.sh\"\n";
			showEnvVarsInLog = 0;
		};
		D2D6B65E43A35D8927C650EC /* [CP] Embed Pods Frameworks */ = {
			isa = PBXShellScriptBuildPhase;
			buildActionMask = 2147483647;
			files = (
			);
			inputFileListPaths = (
				"${PODS_ROOT}/Target Support Files/Pods-PokemonTes/Pods-PokemonTes-frameworks-${CONFIGURATION}-input-files.xcfilelist",
			);
			name = "[CP] Embed Pods Frameworks";
			outputFileListPaths = (
				"${PODS_ROOT}/Target Support Files/Pods-PokemonTes/Pods-PokemonTes-frameworks-${CONFIGURATION}-output-files.xcfilelist",
			);
			runOnlyForDeploymentPostprocessing = 0;
			shellPath = /bin/sh;
			shellScript = "\"${PODS_ROOT}/Target Support Files/Pods-PokemonTes/Pods-PokemonTes-frameworks.sh\"\n";
			showEnvVarsInLog = 0;
		};
		EBEF6D7E11696E6AC3508440 /* [CP] Check Pods Manifest.lock */ = {
			isa = PBXShellScriptBuildPhase;
			buildActionMask = 2147483647;
			files = (
			);
			inputFileListPaths = (
			);
			inputPaths = (
				"${PODS_PODFILE_DIR_PATH}/Podfile.lock",
				"${PODS_ROOT}/Manifest.lock",
			);
			name = "[CP] Check Pods Manifest.lock";
			outputFileListPaths = (
			);
			outputPaths = (
				"$(DERIVED_FILE_DIR)/Pods-PokemonTesTests-checkManifestLockResult.txt",
			);
			runOnlyForDeploymentPostprocessing = 0;
			shellPath = /bin/sh;
			shellScript = "diff \"${PODS_PODFILE_DIR_PATH}/Podfile.lock\" \"${PODS_ROOT}/Manifest.lock\" > /dev/null\nif [ $? != 0 ] ; then\n    # print error to STDERR\n    echo \"error: The sandbox is not in sync with the Podfile.lock. Run 'pod install' or update your CocoaPods installation.\" >&2\n    exit 1\nfi\n# This output is used by Xcode 'outputs' to avoid re-running this script phase.\necho \"SUCCESS\" > \"${SCRIPT_OUTPUT_FILE_0}\"\n";
			showEnvVarsInLog = 0;
		};
/* End PBXShellScriptBuildPhase section */

/* Begin PBXSourcesBuildPhase section */
		361639A62E221034007B49F3 /* Sources */ = {
			isa = PBXSourcesBuildPhase;
			buildActionMask = 2147483647;
			files = (
			);
			runOnlyForDeploymentPostprocessing = 0;
		};
		361639BC2E221036007B49F3 /* Sources */ = {
			isa = PBXSourcesBuildPhase;
			buildActionMask = 2147483647;
			files = (
			);
			runOnlyForDeploymentPostprocessing = 0;
		};
		361639C62E221036007B49F3 /* Sources */ = {
			isa = PBXSourcesBuildPhase;
			buildActionMask = 2147483647;
			files = (
			);
			runOnlyForDeploymentPostprocessing = 0;
		};
/* End PBXSourcesBuildPhase section */

/* Begin PBXTargetDependency section */
		361639C22E221036007B49F3 /* PBXTargetDependency */ = {
			isa = PBXTargetDependency;
			target = 361639A92E221034007B49F3 /* PokemonTes */;
			targetProxy = 361639C12E221036007B49F3 /* PBXContainerItemProxy */;
		};
		361639CC2E221036007B49F3 /* PBXTargetDependency */ = {
			isa = PBXTargetDependency;
			target = 361639A92E221034007B49F3 /* PokemonTes */;
			targetProxy = 361639CB2E221036007B49F3 /* PBXContainerItemProxy */;
		};
/* End PBXTargetDependency section */

/* Begin XCBuildConfiguration section */
		361639D42E221036007B49F3 /* Debug */ = {
			isa = XCBuildConfiguration;
			baseConfigurationReference = EB6B470842B9D5F62975529A /* Pods-PokemonTes.debug.xcconfig */;
			buildSettings = {
				ASSETCATALOG_COMPILER_APPICON_NAME = AppIcon;
				ASSETCATALOG_COMPILER_GLOBAL_ACCENT_COLOR_NAME = AccentColor;
				CODE_SIGN_STYLE = Automatic;
				CURRENT_PROJECT_VERSION = 1;
				DEVELOPMENT_TEAM = 93VTU92YDK;
				ENABLE_APP_SANDBOX = NO;
				ENABLE_USER_SCRIPT_SANDBOXING = NO;
				GENERATE_INFOPLIST_FILE = YES;
				INFOPLIST_FILE = PokemonTes/Resources/Info.plist;
				INFOPLIST_KEY_UIApplicationSupportsIndirectInputEvents = YES;
				INFOPLIST_KEY_UILaunchStoryboardName = LaunchScreen;
				INFOPLIST_KEY_UIMainStoryboardFile = Main;
				INFOPLIST_KEY_UISupportedInterfaceOrientations_iPad = "UIInterfaceOrientationPortrait UIInterfaceOrientationPortraitUpsideDown UIInterfaceOrientationLandscapeLeft UIInterfaceOrientationLandscapeRight";
				INFOPLIST_KEY_UISupportedInterfaceOrientations_iPhone = "UIInterfaceOrientationPortrait UIInterfaceOrientationLandscapeLeft UIInterfaceOrientationLandscapeRight";
				IPHONEOS_DEPLOYMENT_TARGET = 14.0;
				LD_RUNPATH_SEARCH_PATHS = (
					"$(inherited)",
					"@executable_path/Frameworks",
				);
				MARKETING_VERSION = 1.0;
				PRODUCT_BUNDLE_IDENTIFIER = indahNurindo.PokemonTes;
				PRODUCT_NAME = "$(TARGET_NAME)";
				SWIFT_EMIT_LOC_STRINGS = YES;
				SWIFT_VERSION = 5.0;
				TARGETED_DEVICE_FAMILY = "1,2";
			};
			name = Debug;
		};
		361639D52E221036007B49F3 /* Release */ = {
			isa = XCBuildConfiguration;
			baseConfigurationReference = E000EDE9346286DBFE0835BE /* Pods-PokemonTes.release.xcconfig */;
			buildSettings = {
				ASSETCATALOG_COMPILER_APPICON_NAME = AppIcon;
				ASSETCATALOG_COMPILER_GLOBAL_ACCENT_COLOR_NAME = AccentColor;
				CODE_SIGN_STYLE = Automatic;
				CURRENT_PROJECT_VERSION = 1;
				DEVELOPMENT_TEAM = 93VTU92YDK;
				ENABLE_APP_SANDBOX = NO;
				ENABLE_USER_SCRIPT_SANDBOXING = NO;
				GENERATE_INFOPLIST_FILE = YES;
				INFOPLIST_FILE = PokemonTes/Resources/Info.plist;
				INFOPLIST_KEY_UIApplicationSupportsIndirectInputEvents = YES;
				INFOPLIST_KEY_UILaunchStoryboardName = LaunchScreen;
				INFOPLIST_KEY_UIMainStoryboardFile = Main;
				INFOPLIST_KEY_UISupportedInterfaceOrientations_iPad = "UIInterfaceOrientationPortrait UIInterfaceOrientationPortraitUpsideDown UIInterfaceOrientationLandscapeLeft UIInterfaceOrientationLandscapeRight";
				INFOPLIST_KEY_UISupportedInterfaceOrientations_iPhone = "UIInterfaceOrientationPortrait UIInterfaceOrientationLandscapeLeft UIInterfaceOrientationLandscapeRight";
				IPHONEOS_DEPLOYMENT_TARGET = 14.0;
				LD_RUNPATH_SEARCH_PATHS = (
					"$(inherited)",
					"@executable_path/Frameworks",
				);
				MARKETING_VERSION = 1.0;
				PRODUCT_BUNDLE_IDENTIFIER = indahNurindo.PokemonTes;
				PRODUCT_NAME = "$(TARGET_NAME)";
				SWIFT_EMIT_LOC_STRINGS = YES;
				SWIFT_VERSION = 5.0;
				TARGETED_DEVICE_FAMILY = "1,2";
			};
			name = Release;
		};
		361639D62E221036007B49F3 /* Debug */ = {
			isa = XCBuildConfiguration;
			buildSettings = {
				ALWAYS_SEARCH_USER_PATHS = NO;
				ASSETCATALOG_COMPILER_GENERATE_SWIFT_ASSET_SYMBOL_EXTENSIONS = YES;
				CLANG_ANALYZER_NONNULL = YES;
				CLANG_ANALYZER_NUMBER_OBJECT_CONVERSION = YES_AGGRESSIVE;
				CLANG_CXX_LANGUAGE_STANDARD = "gnu++20";
				CLANG_ENABLE_MODULES = YES;
				CLANG_ENABLE_OBJC_ARC = YES;
				CLANG_ENABLE_OBJC_WEAK = YES;
				CLANG_WARN_BLOCK_CAPTURE_AUTORELEASING = YES;
				CLANG_WARN_BOOL_CONVERSION = YES;
				CLANG_WARN_COMMA = YES;
				CLANG_WARN_CONSTANT_CONVERSION = YES;
				CLANG_WARN_DEPRECATED_OBJC_IMPLEMENTATIONS = YES;
				CLANG_WARN_DIRECT_OBJC_ISA_USAGE = YES_ERROR;
				CLANG_WARN_DOCUMENTATION_COMMENTS = YES;
				CLANG_WARN_EMPTY_BODY = YES;
				CLANG_WARN_ENUM_CONVERSION = YES;
				CLANG_WARN_INFINITE_RECURSION = YES;
				CLANG_WARN_INT_CONVERSION = YES;
				CLANG_WARN_NON_LITERAL_NULL_CONVERSION = YES;
				CLANG_WARN_OBJC_IMPLICIT_RETAIN_SELF = YES;
				CLANG_WARN_OBJC_LITERAL_CONVERSION = YES;
				CLANG_WARN_OBJC_ROOT_CLASS = YES_ERROR;
				CLANG_WARN_QUOTED_INCLUDE_IN_FRAMEWORK_HEADER = YES;
				CLANG_WARN_RANGE_LOOP_ANALYSIS = YES;
				CLANG_WARN_STRICT_PROTOTYPES = YES;
				CLANG_WARN_SUSPICIOUS_MOVE = YES;
				CLANG_WARN_UNGUARDED_AVAILABILITY = YES_AGGRESSIVE;
				CLANG_WARN_UNREACHABLE_CODE = YES;
				CLANG_WARN__DUPLICATE_METHOD_MATCH = YES;
				COPY_PHASE_STRIP = NO;
				DEBUG_INFORMATION_FORMAT = dwarf;
				ENABLE_STRICT_OBJC_MSGSEND = YES;
				ENABLE_TESTABILITY = YES;
				ENABLE_USER_SCRIPT_SANDBOXING = YES;
				GCC_C_LANGUAGE_STANDARD = gnu17;
				GCC_DYNAMIC_NO_PIC = NO;
				GCC_NO_COMMON_BLOCKS = YES;
				GCC_OPTIMIZATION_LEVEL = 0;
				GCC_PREPROCESSOR_DEFINITIONS = (
					"DEBUG=1",
					"$(inherited)",
				);
				GCC_WARN_64_TO_32_BIT_CONVERSION = YES;
				GCC_WARN_ABOUT_RETURN_TYPE = YES_ERROR;
				GCC_WARN_UNDECLARED_SELECTOR = YES;
				GCC_WARN_UNINITIALIZED_AUTOS = YES_AGGRESSIVE;
				GCC_WARN_UNUSED_FUNCTION = YES;
				GCC_WARN_UNUSED_VARIABLE = YES;
				IPHONEOS_DEPLOYMENT_TARGET = 14.0;
				LOCALIZATION_PREFERS_STRING_CATALOGS = YES;
				MTL_ENABLE_DEBUG_INFO = INCLUDE_SOURCE;
				MTL_FAST_MATH = YES;
				ONLY_ACTIVE_ARCH = YES;
				SDKROOT = iphoneos;
				SWIFT_ACTIVE_COMPILATION_CONDITIONS = "DEBUG $(inherited)";
				SWIFT_OPTIMIZATION_LEVEL = "-Onone";
			};
			name = Debug;
		};
		361639D72E221036007B49F3 /* Release */ = {
			isa = XCBuildConfiguration;
			buildSettings = {
				ALWAYS_SEARCH_USER_PATHS = NO;
				ASSETCATALOG_COMPILER_GENERATE_SWIFT_ASSET_SYMBOL_EXTENSIONS = YES;
				CLANG_ANALYZER_NONNULL = YES;
				CLANG_ANALYZER_NUMBER_OBJECT_CONVERSION = YES_AGGRESSIVE;
				CLANG_CXX_LANGUAGE_STANDARD = "gnu++20";
				CLANG_ENABLE_MODULES = YES;
				CLANG_ENABLE_OBJC_ARC = YES;
				CLANG_ENABLE_OBJC_WEAK = YES;
				CLANG_WARN_BLOCK_CAPTURE_AUTORELEASING = YES;
				CLANG_WARN_BOOL_CONVERSION = YES;
				CLANG_WARN_COMMA = YES;
				CLANG_WARN_CONSTANT_CONVERSION = YES;
				CLANG_WARN_DEPRECATED_OBJC_IMPLEMENTATIONS = YES;
				CLANG_WARN_DIRECT_OBJC_ISA_USAGE = YES_ERROR;
				CLANG_WARN_DOCUMENTATION_COMMENTS = YES;
				CLANG_WARN_EMPTY_BODY = YES;
				CLANG_WARN_ENUM_CONVERSION = YES;
				CLANG_WARN_INFINITE_RECURSION = YES;
				CLANG_WARN_INT_CONVERSION = YES;
				CLANG_WARN_NON_LITERAL_NULL_CONVERSION = YES;
				CLANG_WARN_OBJC_IMPLICIT_RETAIN_SELF = YES;
				CLANG_WARN_OBJC_LITERAL_CONVERSION = YES;
				CLANG_WARN_OBJC_ROOT_CLASS = YES_ERROR;
				CLANG_WARN_QUOTED_INCLUDE_IN_FRAMEWORK_HEADER = YES;
				CLANG_WARN_RANGE_LOOP_ANALYSIS = YES;
				CLANG_WARN_STRICT_PROTOTYPES = YES;
				CLANG_WARN_SUSPICIOUS_MOVE = YES;
				CLANG_WARN_UNGUARDED_AVAILABILITY = YES_AGGRESSIVE;
				CLANG_WARN_UNREACHABLE_CODE = YES;
				CLANG_WARN__DUPLICATE_METHOD_MATCH = YES;
				COPY_PHASE_STRIP = NO;
				DEBUG_INFORMATION_FORMAT = "dwarf-with-dsym";
				ENABLE_NS_ASSERTIONS = NO;
				ENABLE_STRICT_OBJC_MSGSEND = YES;
				ENABLE_USER_SCRIPT_SANDBOXING = YES;
				GCC_C_LANGUAGE_STANDARD = gnu17;
				GCC_NO_COMMON_BLOCKS = YES;
				GCC_WARN_64_TO_32_BIT_CONVERSION = YES;
				GCC_WARN_ABOUT_RETURN_TYPE = YES_ERROR;
				GCC_WARN_UNDECLARED_SELECTOR = YES;
				GCC_WARN_UNINITIALIZED_AUTOS = YES_AGGRESSIVE;
				GCC_WARN_UNUSED_FUNCTION = YES;
				GCC_WARN_UNUSED_VARIABLE = YES;
				IPHONEOS_DEPLOYMENT_TARGET = 14.0;
				LOCALIZATION_PREFERS_STRING_CATALOGS = YES;
				MTL_ENABLE_DEBUG_INFO = NO;
				MTL_FAST_MATH = YES;
				SDKROOT = iphoneos;
				SWIFT_COMPILATION_MODE = wholemodule;
				VALIDATE_PRODUCT = YES;
			};
			name = Release;
		};
		361639D92E221036007B49F3 /* Debug */ = {
			isa = XCBuildConfiguration;
			baseConfigurationReference = E66A34C58242050289A582FA /* Pods-PokemonTesTests.debug.xcconfig */;
			buildSettings = {
				BUNDLE_LOADER = "$(TEST_HOST)";
				CODE_SIGN_STYLE = Automatic;
				CURRENT_PROJECT_VERSION = 1;
				DEVELOPMENT_TEAM = 93VTU92YDK;
				GENERATE_INFOPLIST_FILE = YES;
				IPHONEOS_DEPLOYMENT_TARGET = 18.2;
				MARKETING_VERSION = 1.0;
				PRODUCT_BUNDLE_IDENTIFIER = indahNurindo.PokemonTesTests;
				PRODUCT_NAME = "$(TARGET_NAME)";
				SWIFT_EMIT_LOC_STRINGS = NO;
				SWIFT_VERSION = 5.0;
				TARGETED_DEVICE_FAMILY = "1,2";
				TEST_HOST = "$(BUILT_PRODUCTS_DIR)/PokemonTes.app/$(BUNDLE_EXECUTABLE_FOLDER_PATH)/PokemonTes";
			};
			name = Debug;
		};
		361639DA2E221036007B49F3 /* Release */ = {
			isa = XCBuildConfiguration;
			baseConfigurationReference = CA5B3B43CF66CE7A492384EA /* Pods-PokemonTesTests.release.xcconfig */;
			buildSettings = {
				BUNDLE_LOADER = "$(TEST_HOST)";
				CODE_SIGN_STYLE = Automatic;
				CURRENT_PROJECT_VERSION = 1;
				DEVELOPMENT_TEAM = 93VTU92YDK;
				GENERATE_INFOPLIST_FILE = YES;
				IPHONEOS_DEPLOYMENT_TARGET = 18.2;
				MARKETING_VERSION = 1.0;
				PRODUCT_BUNDLE_IDENTIFIER = indahNurindo.PokemonTesTests;
				PRODUCT_NAME = "$(TARGET_NAME)";
				SWIFT_EMIT_LOC_STRINGS = NO;
				SWIFT_VERSION = 5.0;
				TARGETED_DEVICE_FAMILY = "1,2";
				TEST_HOST = "$(BUILT_PRODUCTS_DIR)/PokemonTes.app/$(BUNDLE_EXECUTABLE_FOLDER_PATH)/PokemonTes";
			};
			name = Release;
		};
		361639DC2E221036007B49F3 /* Debug */ = {
			isa = XCBuildConfiguration;
			baseConfigurationReference = CB4EF12288DBEAA5AAFECD23 /* Pods-PokemonTes-PokemonTesUITests.debug.xcconfig */;
			buildSettings = {
				CODE_SIGN_STYLE = Automatic;
				CURRENT_PROJECT_VERSION = 1;
				DEVELOPMENT_TEAM = 93VTU92YDK;
				GENERATE_INFOPLIST_FILE = YES;
				MARKETING_VERSION = 1.0;
				PRODUCT_BUNDLE_IDENTIFIER = indahNurindo.PokemonTesUITests;
				PRODUCT_NAME = "$(TARGET_NAME)";
				SWIFT_EMIT_LOC_STRINGS = NO;
				SWIFT_VERSION = 5.0;
				TARGETED_DEVICE_FAMILY = "1,2";
				TEST_TARGET_NAME = PokemonTes;
			};
			name = Debug;
		};
		361639DD2E221036007B49F3 /* Release */ = {
			isa = XCBuildConfiguration;
			baseConfigurationReference = 06FD259576658C08F11095F6 /* Pods-PokemonTes-PokemonTesUITests.release.xcconfig */;
			buildSettings = {
				CODE_SIGN_STYLE = Automatic;
				CURRENT_PROJECT_VERSION = 1;
				DEVELOPMENT_TEAM = 93VTU92YDK;
				GENERATE_INFOPLIST_FILE = YES;
				MARKETING_VERSION = 1.0;
				PRODUCT_BUNDLE_IDENTIFIER = indahNurindo.PokemonTesUITests;
				PRODUCT_NAME = "$(TARGET_NAME)";
				SWIFT_EMIT_LOC_STRINGS = NO;
				SWIFT_VERSION = 5.0;
				TARGETED_DEVICE_FAMILY = "1,2";
				TEST_TARGET_NAME = PokemonTes;
			};
			name = Release;
		};
/* End XCBuildConfiguration section */

/* Begin XCConfigurationList section */
		361639A52E221034007B49F3 /* Build configuration list for PBXProject "PokemonTes" */ = {
			isa = XCConfigurationList;
			buildConfigurations = (
				361639D62E221036007B49F3 /* Debug */,
				361639D72E221036007B49F3 /* Release */,
			);
			defaultConfigurationIsVisible = 0;
			defaultConfigurationName = Release;
		};
		361639D32E221036007B49F3 /* Build configuration list for PBXNativeTarget "PokemonTes" */ = {
			isa = XCConfigurationList;
			buildConfigurations = (
				361639D42E221036007B49F3 /* Debug */,
				361639D52E221036007B49F3 /* Release */,
			);
			defaultConfigurationIsVisible = 0;
			defaultConfigurationName = Release;
		};
		361639D82E221036007B49F3 /* Build configuration list for PBXNativeTarget "PokemonTesTests" */ = {
			isa = XCConfigurationList;
			buildConfigurations = (
				361639D92E221036007B49F3 /* Debug */,
				361639DA2E221036007B49F3 /* Release */,
			);
			defaultConfigurationIsVisible = 0;
			defaultConfigurationName = Release;
		};
		361639DB2E221036007B49F3 /* Build configuration list for PBXNativeTarget "PokemonTesUITests" */ = {
			isa = XCConfigurationList;
			buildConfigurations = (
				361639DC2E221036007B49F3 /* Debug */,
				361639DD2E221036007B49F3 /* Release */,
			);
			defaultConfigurationIsVisible = 0;
			defaultConfigurationName = Release;
		};
/* End XCConfigurationList section */
	};
	rootObject = 361639A22E221034007B49F3 /* Project object */;
}
